
Microsoft Visual Studio Solution File, Format Version 12.00
# Visual Studio Version 17
VisualStudioVersion = 17.7.34221.43
MinimumVisualStudioVersion = 10.0.40219.1
Project("{FAE04EC0-301F-11D3-BF4B-00C04F79EFBC}") = "tictactoe-reinforcement-learning", "TicTacToe\tictactoe-reinforcement-learning.csproj", "{BF6AB2E6-6F1C-4B17-A6A4-97C03C3F53EC}"
EndProject
Global
	GlobalSection(SolutionConfigurationPlatforms) = preSolution
		Debug|Any CPU = Debug|Any CPU
		Release|Any CPU = Release|Any CPU
	EndGlobalSection
	GlobalSection(ProjectConfigurationPlatforms) = postSolution
		{BF6AB2E6-6F1C-4B17-A6A4-97C03C3F53EC}.Debug|Any CPU.ActiveCfg = Debug|Any CPU
		{BF6AB2E6-6F1C-4B17-A6A4-97C03C3F53EC}.Debug|Any CPU.Build.0 = Debug|Any CPU
		{BF6AB2E6-6F1C-4B17-A6A4-97C03C3F53EC}.Release|Any CPU.ActiveCfg = Release|Any CPU
		{BF6AB2E6-6F1C-4B17-A6A4-97C03C3F53EC}.Release|Any CPU.Build.0 = Release|Any CPU
	EndGlobalSection
	GlobalSection(SolutionProperties) = preSolution
		HideSolutionNode = FALSE
	EndGlobalSection
	GlobalSection(ExtensibilityGlobals) = postSolution
		SolutionGuid = {2534A96A-5AA8-49EB-B8B2-58690D03F886}
	EndGlobalSection
EndGlobal
